#
# This file is autogenerated by pip-compile with Python 3.12
# by the following command:
#
#    pip-compile --output-file=requirements-ci.lock --strip-extras requirements-ci.in
#
-e ./services/adapter-github
    # via -r requirements-ci.in
-e ./services/adapter-jira
    # via -r requirements-ci.in
-e ./services/adapter-slack
    # via -r requirements-ci.in
-e ./services/adapter-teams
    # via -r requirements-ci.in
-e ./packages/dse_audit
    # via
    #   -r requirements-ci.in
    #   dse-adapter-github
    #   dse-adapter-jira
    #   dse-adapter-slack
    #   dse-adapter-teams
    #   dse-egress-proxy
    #   dse-ingest-gateway
    #   dse-orchestrator
    #   dse-platform
    #   dse-sandbox-runtime
    #   dse-validation
    #   model-gateway-client
-e ./services/console-projector
    # via -r requirements-ci.in
-e ./packages/contracts
    # via
    #   -r requirements-ci.in
    #   dse-adapter-github
    #   dse-adapter-jira
    #   dse-adapter-slack
    #   dse-adapter-teams
    #   dse-console-projector
    #   dse-egress-proxy
    #   dse-ingest-gateway
    #   dse-orchestrator
    #   dse-sandbox-runtime
    #   dse-validation
    #   model-gateway-client
-e ./services/egress-proxy
    # via -r requirements-ci.in
-e ./packages/dse_identity
    # via
    #   -r requirements-ci.in
    #   dse-adapter-github
    #   dse-adapter-jira
    #   dse-adapter-slack
    #   dse-adapter-teams
    #   dse-ingest-gateway
    #   dse-orchestrator
    #   dse-validation
-e ./services/ingest-gateway
    # via
    #   -r requirements-ci.in
    #   dse-adapter-github
    #   dse-adapter-jira
    #   dse-adapter-slack
    #   dse-adapter-teams
-e ./services/orchestrator
    # via -/services/orchestrator
-e ./services/platform
    # via -/services/platform
-e ./services/sandbox-runtime
    # via -r requirements-ci.in
-e ./services/validation
    # via -/services/validation
-e ./services/model-gateway
    # via -r requirements-ci.in
annotated-doc==0.0.4
    # via fastapi
annotated-types==0.7.0
    # via pydantic
anyio==4.14.2
    # via
    #   httpx
    #   starlette
    #   watchfiles
ast-serialize==0.6.0
    # via mypy
bandit==1.9.4
    # via dse-validation
boolean-py==5.0
    # via license-expression
boto3==1.43.53
    # via dse-validation
botocore==1.43.53
    # via
    #   boto3
    #   s3transfer
build==1.5.0
    # via pip-tools
cachecontrol==0.14.4
    # via
    #   cachecontrol
    #   pip-audit
certifi==2026.6.17
    # via
    #   httpcore
    #   httpx
    #   requests
cffi==2.1.0
    # via cryptography
charset-normalizer==3.4.9
    # via requests
click==8.4.2
    # via
    #   pip-tools
    #   uvicorn
coverage==7.15.2
    # via pytest-cov
cryptography==50.0.0
    # via
    #   dse-adapter-github
    #   dse-adapter-teams
    #   dse-platform
    #   dse-sandbox-runtime
    #   dse-validation
    #   pyjwt
cyclonedx-python-lib==11.11.0
    # via pip-audit
defusedxml==0.7.1
    # via py-serializable
docker==7.2.0
    # via dse-sandbox-runtime
fastapi==0.139.2
    # via
    #   dse-adapter-github
    #   dse-adapter-jira
    #   dse-adapter-slack
    #   dse-adapter-teams
    #   dse-ingest-gateway
    #   dse-orchestrator
    #   dse-platform
    #   model-gateway-client
filelock==3.32.0
    # via cachecontrol
googleapis-common-protos==1.75.0
    # via opentelemetry-exporter-otlp-proto-http
h11==0.16.0
    # via
    #   httpcore
    #   uvicorn
httpcore==1.0.9
    # via httpx
httptools==0.8.0
    # via uvicorn
httpx==0.28.1
    # via
    #   dse-egress-proxy
    #   dse-platform
    #   dse-sandbox-runtime
    #   dse-validation
    #   model-gateway-client
hvac==2.4.0
    # via dse-platform
idna==3.18
    # via
    #   anyio
    #   httpx
    #   requests
iniconfig==2.3.0
    # via pytest
jmespath==1.1.0
    # via
    #   boto3
    #   botocore
librt==0.13.0
    # via mypy
license-expression==30.4.4
    # via cyclonedx-python-lib
markdown-it-py==4.2.0
    # via rich
mdurl==0.1.2
    # via markdown-it-py
msgpack==1.2.1
    # via cachecontrol
mypy==2.3.0
    # via
    #   -r requirements-ci.in
    #   dse-validation
mypy-extensions==1.1.0
    # via mypy
nexus-rpc==1.4.0
    # via temporalio
opentelemetry-api==1.44.0
    # via
    #   dse-orchestrator
    #   dse-sandbox-runtime
    #   model-gateway-client
    #   opentelemetry-exporter-otlp-proto-http
    #   opentelemetry-sdk
    #   opentelemetry-semantic-conventions
opentelemetry-exporter-otlp-proto-common==1.44.0
    # via opentelemetry-exporter-otlp-proto-http
opentelemetry-exporter-otlp-proto-http==1.44.0
    # via model-gateway-client
opentelemetry-proto==1.44.0
    # via
    #   opentelemetry-exporter-otlp-proto-common
    #   opentelemetry-exporter-otlp-proto-http
opentelemetry-sdk==1.44.0
    # via
    #   dse-orchestrator
    #   dse-sandbox-runtime
    #   model-gateway-client
    #   opentelemetry-exporter-otlp-proto-http
opentelemetry-semantic-conventions==0.65b0
    # via opentelemetry-sdk
packageurl-python==0.17.6
    # via cyclonedx-python-lib
packaging==26.2
    # via
    #   build
    #   pip-audit
    #   pip-requirements-parser
    #   pytest
    #   wheel
pathspec==1.1.1
    # via mypy
pillow==12.3.0
    # via dse-validation
pip-api==0.0.34
    # via pip-audit
pip-audit==2.10.1
    # via -r requirements-ci.in
pip-requirements-parser==32.0.1
    # via pip-audit
pip-tools==7.6.0
    # via -r requirements-ci.in
platformdirs==4.11.0
    # via pip-audit
pluggy==1.6.0
    # via
    #   pytest
    #   pytest-cov
protobuf==7.35.1
    # via
    #   googleapis-common-protos
    #   opentelemetry-proto
    #   temporalio
psycopg2-binary==2.9.12
    # via
    #   dse-audit
    #   dse-console-projector
    #   dse-egress-proxy
    #   dse-identity
    #   dse-ingest-gateway
    #   dse-orchestrator
    #   dse-platform
    #   dse-sandbox-runtime
    #   dse-validation
    #   model-gateway-client
py-serializable==2.1.0
    # via cyclonedx-python-lib
pycparser==3.0
    # via cffi
pydantic==2.13.4
    # via
    #   dse-adapter-github
    #   dse-adapter-jira
    #   dse-adapter-slack
    #   dse-adapter-teams
    #   dse-contracts
    #   dse-egress-proxy
    #   dse-ingest-gateway
    #   dse-orchestrator
    #   dse-sandbox-runtime
    #   dse-validation
    #   fastapi
    #   model-gateway-client
pydantic-core==2.46.4
    # via pydantic
pygments==2.20.0
    # via
    #   pytest
    #   rich
pyjwt==2.13.0
    # via
    #   dse-adapter-github
    #   dse-adapter-teams
    #   dse-egress-proxy
    #   dse-platform
    #   dse-sandbox-runtime
    #   dse-validation
pyparsing==3.3.2
    # via pip-requirements-parser
pyproject-hooks==1.2.0
    # via
    #   build
    #   pip-tools
pytest==9.1.1
    # via
    #   dse-orchestrator
    #   dse-platform
    #   dse-validation
    #   pytest-asyncio
    #   pytest-cov
    #   pytest-timeout
pytest-asyncio==1.4.0
    # via
    #   dse-orchestrator
    #   dse-validation
pytest-cov==7.1.0
    # via -r requirements-ci.in
pytest-timeout==2.4.0
    # via -r requirements-ci.in
python-dateutil==2.9.0.post0
    # via botocore
python-dotenv==1.2.2
    # via uvicorn
python-multipart==0.0.32
    # via
    #   dse-adapter-github
    #   dse-adapter-jira
    #   dse-adapter-slack
    #   dse-platform
pyyaml==6.0.3
    # via
    #   bandit
    #   dse-platform
    #   model-gateway-client
    #   uvicorn
requests==2.34.2
    # via
    #   cachecontrol
    #   docker
    #   dse-adapter-github
    #   dse-adapter-jira
    #   dse-adapter-teams
    #   dse-platform
    #   hvac
    #   opentelemetry-exporter-otlp-proto-http
    #   pip-audit
rich==15.0.0
    # via
    #   bandit
    #   pip-audit
ruff==0.15.22
    # via
    #   -r requirements-ci.in
    #   dse-validation
s3transfer==0.19.1
    # via boto3
six==1.17.0
    # via python-dateutil
slack-sdk==3.43.0
    # via dse-adapter-slack
sortedcontainers==2.4.0
    # via cyclonedx-python-lib
starlette==1.3.1
    # via fastapi
stevedore==5.9.0
    # via bandit
temporalio==1.30.0
    # via
    #   dse-ingest-gateway
    #   dse-orchestrator
    #   dse-platform
    #   dse-sandbox-runtime
    #   dse-validation
tomli==2.4.1
    # via pip-audit
tomli-w==1.2.0
    # via pip-audit
types-protobuf==7.34.1.20260518
    # via temporalio
typing-extensions==4.16.0
    # via
    #   anyio
    #   cyclonedx-python-lib
    #   fastapi
    #   mypy
    #   nexus-rpc
    #   opentelemetry-api
    #   opentelemetry-exporter-otlp-proto-http
    #   opentelemetry-sdk
    #   opentelemetry-semantic-conventions
    #   pydantic
    #   pydantic-core
    #   pytest-asyncio
    #   starlette
    #   temporalio
    #   typing-inspection
typing-inspection==0.4.2
    # via
    #   fastapi
    #   pydantic
urllib3==2.7.0
    # via
    #   botocore
    #   docker
    #   requests
uvicorn==0.51.0
    # via
    #   dse-adapter-github
    #   dse-adapter-jira
    #   dse-adapter-slack
    #   dse-adapter-teams
    #   dse-ingest-gateway
    #   dse-orchestrator
    #   dse-platform
uvloop==0.22.1
    # via uvicorn
watchfiles==1.2.0
    # via uvicorn
websockets==16.1.1
    # via uvicorn
wheel==0.47.0
    # via pip-tools

# The following packages are considered to be unsafe in a requirements file:
# pip
# setuptools
